
Microsoft Visual Studio Solution File, Format Version 12.00
# Visual Studio Version 17
VisualStudioVersion = 17.0.32126.317
MinimumVisualStudioVersion = 10.0.40219.1
Project("{9A19103F-16F7-4668-BE54-9A1E7A4F7556}") = "Example.UnitTests", "Example.UnitTests.csproj", "{B54E7301-9D92-4C1A-B015-4DDB80C5BCD2}"
EndProject
Global
	GlobalSection(SolutionConfigurationPlatforms) = preSolution
		Debug|Any CPU = Debug|Any CPU
		Release|Any CPU = Release|Any CPU
	EndGlobalSection
	GlobalSection(ProjectConfigurationPlatforms) = postSolution
		{B54E7301-9D92-4C1A-B015-4DDB80C5BCD2}.Debug|Any CPU.ActiveCfg = Debug|Any CPU
		{B54E7301-9D92-4C1A-B015-4DDB80C5BCD2}.Debug|Any CPU.Build.0 = Debug|Any CPU
		{B54E7301-9D92-4C1A-B015-4DDB80C5BCD2}.Release|Any CPU.ActiveCfg = Release|Any CPU
		{B54E7301-9D92-4C1A-B015-4DDB80C5BCD2}.Release|Any CPU.Build.0 = Release|Any CPU
	EndGlobalSection
	GlobalSection(SolutionProperties) = preSolution
		HideSolutionNode = FALSE
	EndGlobalSection
	GlobalSection(ExtensibilityGlobals) = postSolution
		SolutionGuid = {04A43D60-FDCC-4EFF-9BEA-0E756A2F6BF2}
	EndGlobalSection
EndGlobal
